
Microsoft Visual Studio Solution File, Format Version 12.00
# Visual Studio Version 17
VisualStudioVersion = 17.13.35931.197 d17.13
MinimumVisualStudioVersion = 10.0.40219.1
Project("{FAE04EC0-301F-11D3-BF4B-00C04F79EFBC}") = "EncoreTix", "EncoreTix\EncoreTix.csproj", "{8E1F945F-FE28-4C46-B6C7-C2979A7D5880}"
EndProject
Global
	GlobalSection(SolutionConfigurationPlatforms) = preSolution
		Debug|Any CPU = Debug|Any CPU
		Release|Any CPU = Release|Any CPU
	EndGlobalSection
	GlobalSection(ProjectConfigurationPlatforms) = postSolution
		{8E1F945F-FE28-4C46-B6C7-C2979A7D5880}.Debug|Any CPU.ActiveCfg = Debug|Any CPU
		{8E1F945F-FE28-4C46-B6C7-C2979A7D5880}.Debug|Any CPU.Build.0 = Debug|Any CPU
		{8E1F945F-FE28-4C46-B6C7-C2979A7D5880}.Release|Any CPU.ActiveCfg = Release|Any CPU
		{8E1F945F-FE28-4C46-B6C7-C2979A7D5880}.Release|Any CPU.Build.0 = Release|Any CPU
	EndGlobalSection
	GlobalSection(SolutionProperties) = preSolution
		HideSolutionNode = FALSE
	EndGlobalSection
	GlobalSection(ExtensibilityGlobals) = postSolution
		SolutionGuid = {35179920-0F6A-4008-91E2-D8E4F9D41DDF}
	EndGlobalSection
EndGlobal
